
Microsoft Visual Studio Solution File, Format Version 12.00
# Visual Studio Version 17
VisualStudioVersion = 17.8.34330.188
MinimumVisualStudioVersion = 10.0.40219.1
Project("{8BC9CEB8-8B4A-11D0-8D11-00A0C91BC942}") = "Dungeon Crawler", "Dungeon Crawler\Dungeon Crawler.vcxproj", "{54A74163-150E-48EF-8553-E40C4F68D753}"
EndProject
Global
	GlobalSection(SolutionConfigurationPlatforms) = preSolution
		Debug|x64 = Debug|x64
		Debug|x86 = Debug|x86
		Release|x64 = Release|x64
		Release|x86 = Release|x86
	EndGlobalSection
	GlobalSection(ProjectConfigurationPlatforms) = postSolution
		{54A74163-150E-48EF-8553-E40C4F68D753}.Debug|x64.ActiveCfg = Debug|x64
		{54A74163-150E-48EF-8553-E40C4F68D753}.Debug|x64.Build.0 = Debug|x64
		{54A74163-150E-48EF-8553-E40C4F68D753}.Debug|x86.ActiveCfg = Debug|Win32
		{54A74163-150E-48EF-8553-E40C4F68D753}.Debug|x86.Build.0 = Debug|Win32
		{54A74163-150E-48EF-8553-E40C4F68D753}.Release|x64.ActiveCfg = Release|x64
		{54A74163-150E-48EF-8553-E40C4F68D753}.Release|x64.Build.0 = Release|x64
		{54A74163-150E-48EF-8553-E40C4F68D753}.Release|x86.ActiveCfg = Release|Win32
		{54A74163-150E-48EF-8553-E40C4F68D753}.Release|x86.Build.0 = Release|Win32
	EndGlobalSection
	GlobalSection(SolutionProperties) = preSolution
		HideSolutionNode = FALSE
	EndGlobalSection
	GlobalSection(ExtensibilityGlobals) = postSolution
		SolutionGuid = {8FEAA8D3-AE91-4AF6-B4C7-38FFE2BDA10F}
	EndGlobalSection
EndGlobal
